
Microsoft Visual Studio Solution File, Format Version 12.00
# Visual Studio 14
VisualStudioVersion = 14.0.23107.0
MinimumVisualStudioVersion = 10.0.40219.1
Project("{FAE04EC0-301F-11D3-BF4B-00C04F79EFBC}") = "FF", "FF\FF.csproj", "{95AB18BD-67E2-43FD-97E6-FC13BD0F88E2}"
EndProject
Project("{FAE04EC0-301F-11D3-BF4B-00C04F79EFBC}") = "FF.Tests", "FF.Tests\FF.Tests.csproj", "{8B2CF994-A1DF-4302-A0EF-0A5E2A09EBEB}"
EndProject
Global
	GlobalSection(SolutionConfigurationPlatforms) = preSolution
		Debug|Any CPU = Debug|Any CPU
		Release|Any CPU = Release|Any CPU
	EndGlobalSection
	GlobalSection(ProjectConfigurationPlatforms) = postSolution
		{95AB18BD-67E2-43FD-97E6-FC13BD0F88E2}.Debug|Any CPU.ActiveCfg = Debug|Any CPU
		{95AB18BD-67E2-43FD-97E6-FC13BD0F88E2}.Debug|Any CPU.Build.0 = Debug|Any CPU
		{95AB18BD-67E2-43FD-97E6-FC13BD0F88E2}.Release|Any CPU.ActiveCfg = Release|Any CPU
		{95AB18BD-67E2-43FD-97E6-FC13BD0F88E2}.Release|Any CPU.Build.0 = Release|Any CPU
		{8B2CF994-A1DF-4302-A0EF-0A5E2A09EBEB}.Debug|Any CPU.ActiveCfg = Debug|Any CPU
		{8B2CF994-A1DF-4302-A0EF-0A5E2A09EBEB}.Debug|Any CPU.Build.0 = Debug|Any CPU
		{8B2CF994-A1DF-4302-A0EF-0A5E2A09EBEB}.Release|Any CPU.ActiveCfg = Release|Any CPU
		{8B2CF994-A1DF-4302-A0EF-0A5E2A09EBEB}.Release|Any CPU.Build.0 = Release|Any CPU
	EndGlobalSection
	GlobalSection(SolutionProperties) = preSolution
		HideSolutionNode = FALSE
	EndGlobalSection
EndGlobal
